
Microsoft Visual Studio Solution File, Format Version 12.00
# Visual Studio Version 16
VisualStudioVersion = 16.0.30204.135
MinimumVisualStudioVersion = 10.0.40219.1
Project("{FAE04EC0-301F-11D3-BF4B-00C04F79EFBC}") = "MercurialReport", "MercurialReport\MercurialReport.csproj", "{F82A9260-A2AA-49B6-9AFA-1734561AC649}"
EndProject
Global
	GlobalSection(SolutionConfigurationPlatforms) = preSolution
		Debug|Any CPU = Debug|Any CPU
		Release|Any CPU = Release|Any CPU
	EndGlobalSection
	GlobalSection(ProjectConfigurationPlatforms) = postSolution
		{F82A9260-A2AA-49B6-9AFA-1734561AC649}.Debug|Any CPU.ActiveCfg = Debug|Any CPU
		{F82A9260-A2AA-49B6-9AFA-1734561AC649}.Debug|Any CPU.Build.0 = Debug|Any CPU
		{F82A9260-A2AA-49B6-9AFA-1734561AC649}.Release|Any CPU.ActiveCfg = Release|Any CPU
		{F82A9260-A2AA-49B6-9AFA-1734561AC649}.Release|Any CPU.Build.0 = Release|Any CPU
	EndGlobalSection
	GlobalSection(SolutionProperties) = preSolution
		HideSolutionNode = FALSE
	EndGlobalSection
	GlobalSection(ExtensibilityGlobals) = postSolution
		SolutionGuid = {70CD2767-6E59-46F8-8107-01FA5344CF81}
	EndGlobalSection
EndGlobal
